
Microsoft Visual Studio Solution File, Format Version 12.00
# Visual Studio Version 17
VisualStudioVersion = 17.4.33213.308
MinimumVisualStudioVersion = 10.0.40219.1
Project("{9A19103F-16F7-4668-BE54-9A1E7A4F7556}") = "Api", "HexagonalSimplify\Api.csproj", "{61D27D89-9991-4F60-98EA-0E71B9AF87C7}"
EndProject
Project("{9A19103F-16F7-4668-BE54-9A1E7A4F7556}") = "Application", "Application\Application.csproj", "{05624382-4EE6-42F5-8ED6-FBB49E562053}"
EndProject
Project("{9A19103F-16F7-4668-BE54-9A1E7A4F7556}") = "Domain", "Domain\Domain.csproj", "{1A608204-6756-4F2F-971F-0ED3D0C85F1E}"
EndProject
Project("{2150E333-8FDC-42A3-9474-1A3956D46DE8}") = "Adapters", "Adapters", "{FA4AA7BB-3453-4675-BF74-41C006F5E2BA}"
EndProject
Project("{2150E333-8FDC-42A3-9474-1A3956D46DE8}") = "Driven", "Driven", "{A647DAEB-825F-4744-A1F5-73E1BA805E28}"
EndProject
Project("{2150E333-8FDC-42A3-9474-1A3956D46DE8}") = "Driving", "Driving", "{7AED5B65-B553-43C4-9BA8-8E9926A69ACF}"
EndProject
Project("{2150E333-8FDC-42A3-9474-1A3956D46DE8}") = "Core", "Core", "{411EBD4E-428A-4C0D-A0F8-1E516487921B}"
EndProject
Project("{9A19103F-16F7-4668-BE54-9A1E7A4F7556}") = "Infra", "Infra.ChatGPT\Infra.csproj", "{55955E96-5E55-4B3A-80B8-E1354373E562}"
EndProject
Global
	GlobalSection(SolutionConfigurationPlatforms) = preSolution
		Debug|Any CPU = Debug|Any CPU
		Release|Any CPU = Release|Any CPU
	EndGlobalSection
	GlobalSection(ProjectConfigurationPlatforms) = postSolution
		{61D27D89-9991-4F60-98EA-0E71B9AF87C7}.Debug|Any CPU.ActiveCfg = Debug|Any CPU
		{61D27D89-9991-4F60-98EA-0E71B9AF87C7}.Debug|Any CPU.Build.0 = Debug|Any CPU
		{61D27D89-9991-4F60-98EA-0E71B9AF87C7}.Release|Any CPU.ActiveCfg = Release|Any CPU
		{61D27D89-9991-4F60-98EA-0E71B9AF87C7}.Release|Any CPU.Build.0 = Release|Any CPU
		{05624382-4EE6-42F5-8ED6-FBB49E562053}.Debug|Any CPU.ActiveCfg = Debug|Any CPU
		{05624382-4EE6-42F5-8ED6-FBB49E562053}.Debug|Any CPU.Build.0 = Debug|Any CPU
		{05624382-4EE6-42F5-8ED6-FBB49E562053}.Release|Any CPU.ActiveCfg = Release|Any CPU
		{05624382-4EE6-42F5-8ED6-FBB49E562053}.Release|Any CPU.Build.0 = Release|Any CPU
		{1A608204-6756-4F2F-971F-0ED3D0C85F1E}.Debug|Any CPU.ActiveCfg = Debug|Any CPU
		{1A608204-6756-4F2F-971F-0ED3D0C85F1E}.Debug|Any CPU.Build.0 = Debug|Any CPU
		{1A608204-6756-4F2F-971F-0ED3D0C85F1E}.Release|Any CPU.ActiveCfg = Release|Any CPU
		{1A608204-6756-4F2F-971F-0ED3D0C85F1E}.Release|Any CPU.Build.0 = Release|Any CPU
		{55955E96-5E55-4B3A-80B8-E1354373E562}.Debug|Any CPU.ActiveCfg = Debug|Any CPU
		{55955E96-5E55-4B3A-80B8-E1354373E562}.Debug|Any CPU.Build.0 = Debug|Any CPU
		{55955E96-5E55-4B3A-80B8-E1354373E562}.Release|Any CPU.ActiveCfg = Release|Any CPU
		{55955E96-5E55-4B3A-80B8-E1354373E562}.Release|Any CPU.Build.0 = Release|Any CPU
	EndGlobalSection
	GlobalSection(SolutionProperties) = preSolution
		HideSolutionNode = FALSE
	EndGlobalSection
	GlobalSection(NestedProjects) = preSolution
		{61D27D89-9991-4F60-98EA-0E71B9AF87C7} = {7AED5B65-B553-43C4-9BA8-8E9926A69ACF}
		{05624382-4EE6-42F5-8ED6-FBB49E562053} = {411EBD4E-428A-4C0D-A0F8-1E516487921B}
		{1A608204-6756-4F2F-971F-0ED3D0C85F1E} = {411EBD4E-428A-4C0D-A0F8-1E516487921B}
		{A647DAEB-825F-4744-A1F5-73E1BA805E28} = {FA4AA7BB-3453-4675-BF74-41C006F5E2BA}
		{7AED5B65-B553-43C4-9BA8-8E9926A69ACF} = {FA4AA7BB-3453-4675-BF74-41C006F5E2BA}
		{55955E96-5E55-4B3A-80B8-E1354373E562} = {A647DAEB-825F-4744-A1F5-73E1BA805E28}
	EndGlobalSection
	GlobalSection(ExtensibilityGlobals) = postSolution
		SolutionGuid = {BB64C4AE-564B-4CAF-98AF-336E85BD54E8}
	EndGlobalSection
EndGlobal
